
Microsoft Visual Studio Solution File, Format Version 12.00
# Visual Studio Version 16
VisualStudioVersion = 16.0.31129.286
MinimumVisualStudioVersion = 10.0.40219.1
Project("{9A19103F-16F7-4668-BE54-9A1E7A4F7556}") = "ExcelOrganizer", "ExcelOrganizer.csproj", "{B5939C7B-721D-4409-A26E-50123D5021D6}"
EndProject
Global
	GlobalSection(SolutionConfigurationPlatforms) = preSolution
		Debug|Any CPU = Debug|Any CPU
		Release|Any CPU = Release|Any CPU
	EndGlobalSection
	GlobalSection(ProjectConfigurationPlatforms) = postSolution
		{B5939C7B-721D-4409-A26E-50123D5021D6}.Debug|Any CPU.ActiveCfg = Debug|Any CPU
		{B5939C7B-721D-4409-A26E-50123D5021D6}.Debug|Any CPU.Build.0 = Debug|Any CPU
		{B5939C7B-721D-4409-A26E-50123D5021D6}.Release|Any CPU.ActiveCfg = Release|Any CPU
		{B5939C7B-721D-4409-A26E-50123D5021D6}.Release|Any CPU.Build.0 = Release|Any CPU
	EndGlobalSection
	GlobalSection(SolutionProperties) = preSolution
		HideSolutionNode = FALSE
	EndGlobalSection
	GlobalSection(ExtensibilityGlobals) = postSolution
		SolutionGuid = {99F974DC-9224-4AF7-9830-AB5D2A77815B}
	EndGlobalSection
EndGlobal
